
Microsoft Visual Studio Solution File, Format Version 12.00
# Visual Studio Version 16
VisualStudioVersion = 16.0.29911.84
MinimumVisualStudioVersion = 10.0.40219.1
Project("{FAE04EC0-301F-11D3-BF4B-00C04F79EFBC}") = "SfTimeSelector-ItemCustomization", "SfTimeSelector-ItemCustomization.csproj", "{55E8878F-E354-44FC-8C08-B24F8B0C7784}"
EndProject
Global
	GlobalSection(SolutionConfigurationPlatforms) = preSolution
		Debug|Any CPU = Debug|Any CPU
		Release|Any CPU = Release|Any CPU
	EndGlobalSection
	GlobalSection(ProjectConfigurationPlatforms) = postSolution
		{55E8878F-E354-44FC-8C08-B24F8B0C7784}.Debug|Any CPU.ActiveCfg = Debug|Any CPU
		{55E8878F-E354-44FC-8C08-B24F8B0C7784}.Debug|Any CPU.Build.0 = Debug|Any CPU
		{55E8878F-E354-44FC-8C08-B24F8B0C7784}.Release|Any CPU.ActiveCfg = Release|Any CPU
		{55E8878F-E354-44FC-8C08-B24F8B0C7784}.Release|Any CPU.Build.0 = Release|Any CPU
	EndGlobalSection
	GlobalSection(SolutionProperties) = preSolution
		HideSolutionNode = FALSE
	EndGlobalSection
	GlobalSection(ExtensibilityGlobals) = postSolution
		SolutionGuid = {558DAF4A-C671-4C88-9144-C4CED16D4D74}
	EndGlobalSection
EndGlobal
